<?xml version="1.0" encoding="utf-8"?>
<Project ToolsVersion="4.0" xmlns="http://schemas.microsoft.com/developer/msbuild/2003">
  <ItemGroup>
    <Filter Include="win32">
      <UniqueIdentifier>{84a8ebd7-7cf0-47f6-b75e-d441df67da40}</UniqueIdentifier>
    </Filter>
    <Filter Include="Classes">
      <UniqueIdentifier>{bb6c862e-70e9-49d9-81b7-3829a6f50471}</UniqueIdentifier>
    </Filter>
    <Filter Include="resource">
      <UniqueIdentifier>{715254bc-d70b-4ec5-bf29-467dd3ace079}</UniqueIdentifier>
    </Filter>
    <Filter Include="Common">
      <UniqueIdentifier>{a5a94a7e-091b-4363-af0f-202d37bee3c1}</UniqueIdentifier>
    </Filter>
    <Filter Include="GameObjectAndComponent">
      <UniqueIdentifier>{c457ba0e-bd2b-4166-9f4f-e768be90d2e6}</UniqueIdentifier>
    </Filter>
    <Filter Include="Script">
      <UniqueIdentifier>{ef8c469e-5c7a-42b8-a0b3-cad6c0f00978}</UniqueIdentifier>
    </Filter>
    <Filter Include="Event">
      <UniqueIdentifier>{28d53e71-a1b4-4424-98e0-55e49df8bff1}</UniqueIdentifier>
    </Filter>
  </ItemGroup>
  <ItemGroup>
    <ClCompile Include="main.cpp">
      <Filter>win32</Filter>
    </ClCompile>
    <ClCompile Include="..\Classes\AppDelegate.cpp">
      <Filter>Classes</Filter>
    </ClCompile>
    <ClCompile Include="..\Classes\HelloWorldScene.cpp">
      <Filter>Classes</Filter>
    </ClCompile>
    <ClCompile Include="..\Classes\Audio.cpp">
      <Filter>Classes</Filter>
    </ClCompile>
    <ClCompile Include="..\Classes\Chinese.cpp">
      <Filter>Classes</Filter>
    </ClCompile>
    <ClCompile Include="..\Classes\ComboEffect.cpp">
      <Filter>Classes</Filter>
    </ClCompile>
    <ClCompile Include="..\Classes\FloatWord.cpp">
      <Filter>Classes</Filter>
    </ClCompile>
    <ClCompile Include="..\Classes\GameData.cpp">
      <Filter>Classes</Filter>
    </ClCompile>
    <ClCompile Include="..\Classes\LevelMsgLayer.cpp">
      <Filter>Classes</Filter>
    </ClCompile>
    <ClCompile Include="..\Classes\Star.cpp">
      <Filter>Classes</Filter>
    </ClCompile>
    <ClCompile Include="..\Classes\StarParticle.cpp">
      <Filter>Classes</Filter>
    </ClCompile>
    <ClCompile Include="..\Classes\TopMenu.cpp">
      <Filter>Classes</Filter>
    </ClCompile>
    <ClCompile Include="..\Classes\XMLParser.cpp">
      <Filter>Classes</Filter>
    </ClCompile>
    <ClCompile Include="..\Classes\GameObject\GameObject.cpp">
      <Filter>GameObjectAndComponent</Filter>
    </ClCompile>
    <ClCompile Include="..\Classes\GameObject\DisplayNode.cpp">
      <Filter>GameObjectAndComponent</Filter>
    </ClCompile>
    <ClCompile Include="..\Classes\GameObject\Component.cpp">
      <Filter>GameObjectAndComponent</Filter>
    </ClCompile>
    <ClCompile Include="..\Classes\Common\Timer.cpp">
      <Filter>Common</Filter>
    </ClCompile>
    <ClCompile Include="..\Classes\Common\Object.cpp">
      <Filter>Common</Filter>
    </ClCompile>
    <ClCompile Include="..\Classes\Common\SingletonContainer.cpp">
      <Filter>Common</Filter>
    </ClCompile>
    <ClCompile Include="..\Classes\Common\SceneStack.cpp">
      <Filter>Common</Filter>
    </ClCompile>
    <ClCompile Include="..\Classes\Script\TitleScene.cpp">
      <Filter>Script</Filter>
    </ClCompile>
    <ClCompile Include="..\Classes\Script\PuzzleScene.cpp">
      <Filter>Script</Filter>
    </ClCompile>
    <ClCompile Include="..\Classes\Script\PuzzleMatrixLayer.cpp">
      <Filter>Script</Filter>
    </ClCompile>
    <ClCompile Include="..\Classes\Event\EventDispatcher.cpp">
      <Filter>Event</Filter>
    </ClCompile>
    <ClCompile Include="..\Classes\LegacyStarMatrix.cpp">
      <Filter>Classes</Filter>
    </ClCompile>
    <ClCompile Include="..\Classes\Script\StarMatirx.cpp">
      <Filter>Script</Filter>
    </ClCompile>
    <ClCompile Include="..\Classes\Script\Label.cpp">
      <Filter>Script</Filter>
    </ClCompile>
    <ClCompile Include="..\Classes\Script\StatusBar.cpp">
      <Filter>Script</Filter>
    </ClCompile>
  </ItemGroup>
  <ItemGroup>
    <ClInclude Include="main.h">
      <Filter>win32</Filter>
    </ClInclude>
    <ClInclude Include="..\Classes\AppDelegate.h">
      <Filter>Classes</Filter>
    </ClInclude>
    <ClInclude Include="..\Classes\HelloWorldScene.h">
      <Filter>Classes</Filter>
    </ClInclude>
    <ClInclude Include="..\Classes\Audio.h">
      <Filter>Classes</Filter>
    </ClInclude>
    <ClInclude Include="..\Classes\Chinese.h">
      <Filter>Classes</Filter>
    </ClInclude>
    <ClInclude Include="..\Classes\ComboEffect.h">
      <Filter>Classes</Filter>
    </ClInclude>
    <ClInclude Include="..\Classes\FloatWord.h">
      <Filter>Classes</Filter>
    </ClInclude>
    <ClInclude Include="..\Classes\GameData.h">
      <Filter>Classes</Filter>
    </ClInclude>
    <ClInclude Include="..\Classes\LevelMsgLayer.h">
      <Filter>Classes</Filter>
    </ClInclude>
    <ClInclude Include="..\Classes\Star.h">
      <Filter>Classes</Filter>
    </ClInclude>
    <ClInclude Include="..\Classes\StarParticle.h">
      <Filter>Classes</Filter>
    </ClInclude>
    <ClInclude Include="..\Classes\TopMenu.h">
      <Filter>Classes</Filter>
    </ClInclude>
    <ClInclude Include="..\Classes\XMLParser.h">
      <Filter>Classes</Filter>
    </ClInclude>
    <ClInclude Include="..\Classes\GameObject\GameObject.h">
      <Filter>GameObjectAndComponent</Filter>
    </ClInclude>
    <ClInclude Include="..\Classes\GameObject\DisplayNode.h">
      <Filter>GameObjectAndComponent</Filter>
    </ClInclude>
    <ClInclude Include="..\Classes\GameObject\Component.h">
      <Filter>GameObjectAndComponent</Filter>
    </ClInclude>
    <ClInclude Include="..\Classes\Common\Object.h">
      <Filter>Common</Filter>
    </ClInclude>
    <ClInclude Include="..\Classes\Common\Timer.h">
      <Filter>Common</Filter>
    </ClInclude>
    <ClInclude Include="..\Classes\Common\SingletonContainer.h">
      <Filter>Common</Filter>
    </ClInclude>
    <ClInclude Include="..\Classes\Common\SceneStack.h">
      <Filter>Common</Filter>
    </ClInclude>
    <ClInclude Include="..\Classes\Common\IUpdateable.h">
      <Filter>Common</Filter>
    </ClInclude>
    <ClInclude Include="..\Classes\GameObject\SoundPlayer.h">
      <Filter>GameObjectAndComponent</Filter>
    </ClInclude>
    <ClInclude Include="..\Classes\Script\TitleScene.h">
      <Filter>Script</Filter>
    </ClInclude>
    <ClInclude Include="..\Classes\Script\Script.h">
      <Filter>Script</Filter>
    </ClInclude>
    <ClInclude Include="..\Classes\Script\PuzzleScene.h">
      <Filter>Script</Filter>
    </ClInclude>
    <ClInclude Include="..\Classes\Script\PuzzleMatrixLayer.h">
      <Filter>Script</Filter>
    </ClInclude>
    <ClInclude Include="..\Classes\Event\Event.h">
      <Filter>Event</Filter>
    </ClInclude>
    <ClInclude Include="..\Classes\Event\EventType.h">
      <Filter>Event</Filter>
    </ClInclude>
    <ClInclude Include="..\Classes\Event\EventDispatcher.h">
      <Filter>Event</Filter>
    </ClInclude>
    <ClInclude Include="..\Classes\LegacyStarMatrix.h">
      <Filter>Classes</Filter>
    </ClInclude>
    <ClInclude Include="..\Classes\Script\StarMatrix.h">
      <Filter>Script</Filter>
    </ClInclude>
    <ClInclude Include="..\Classes\Common\IEventListener.h">
      <Filter>Common</Filter>
    </ClInclude>
    <ClInclude Include="..\Classes\Script\Label.h">
      <Filter>Script</Filter>
    </ClInclude>
    <ClInclude Include="..\Classes\Script\StatusBar.h">
      <Filter>Script</Filter>
    </ClInclude>
  </ItemGroup>
  <ItemGroup>
    <ResourceCompile Include="game.rc">
      <Filter>resource</Filter>
    </ResourceCompile>
  </ItemGroup>
</Project>